PODS:
  - Cobra-iOS (2.0.1)
  - ios-voice-processor (1.1.0)

DEPENDENCIES:
  - Cobra-iOS (~> 2.0.1)
  - ios-voice-processor (~> 1.1.0)

SPEC REPOS:
  trunk:
    - Cobra-iOS
    - ios-voice-processor

SPEC CHECKSUMS:
  Cobra-iOS: 0305d7b8eea41122bdb5f71e4534c523d4d68dac
  ios-voice-processor: 8e32d7f980a06d392d128ef1cd19cf6ddcaca3c1

PODFILE CHECKSUM: 0c39f02ee5dc224f3058e7966192f38d9c78785d

COCOAPODS: 1.11.3
