// !$*UTF8*$!
{
	archiveVersion = 1;
	classes = {
	};
	objectVersion = 51;
	objects = {

/* Begin PBXBuildFile section */
		02A11949268D39A700A2AC99 /* CobraDemoApp.swift in Sources */ = {isa = PBXBuildFile; fileRef = 02A11948268D39A700A2AC99 /* CobraDemoApp.swift */; };
		02A1194B268D39A700A2AC99 /* ContentView.swift in Sources */ = {isa = PBXBuildFile; fileRef = 02A1194A268D39A700A2AC99 /* ContentView.swift */; };
		02A1194D268D39AB00A2AC99 /* Assets.xcassets in Resources */ = {isa = PBXBuildFile; fileRef = 02A1194C268D39AB00A2AC99 /* Assets.xcassets */; };
		02A1195F268D3FD600A2AC99 /* ViewModel.swift in Sources */ = {isa = PBXBuildFile; fileRef = 02A1195E268D3FD600A2AC99 /* ViewModel.swift */; };
		4A00B7EF2D4C1FA9D1C474E1 /* libPods-CobraDemo.a in Frameworks */ = {isa = PBXBuildFile; fileRef = 7C8FD0A21A7AA22B5EB1EB2D /* libPods-CobraDemo.a */; };
		C7969FC826F53FBB0013DD41 /* CobraDemoUITests.swift in Sources */ = {isa = PBXBuildFile; fileRef = C7969FC726F53FBB0013DD41 /* CobraDemoUITests.swift */; };
		C7969FD126F5474F0013DD41 /* sample.wav in Resources */ = {isa = PBXBuildFile; fileRef = C7969FD026F5474F0013DD41 /* sample.wav */; };
		F0E5BF04E59C6ACAD7F213C9 /* libPods-CobraDemoUITests.a in Frameworks */ = {isa = PBXBuildFile; fileRef = 25220F02E797CC78BF7E6619 /* libPods-CobraDemoUITests.a */; };
/* End PBXBuildFile section */

/* Begin PBXContainerItemProxy section */
		C7969FCA26F53FBB0013DD41 /* PBXContainerItemProxy */ = {
			isa = PBXContainerItemProxy;
			containerPortal = 02A1193D268D39A700A2AC99 /* Project object */;
			proxyType = 1;
			remoteGlobalIDString = 02A11944268D39A700A2AC99;
			remoteInfo = CobraDemo;
		};
/* End PBXContainerItemProxy section */

/* Begin PBXCopyFilesBuildPhase section */
		C7969FD426F552430013DD41 /* CopyFiles */ = {
			isa = PBXCopyFilesBuildPhase;
			buildActionMask = 2147483647;
			dstPath = "";
			dstSubfolderSpec = 10;
			files = (
			);
			runOnlyForDeploymentPostprocessing = 0;
		};
/* End PBXCopyFilesBuildPhase section */

/* Begin PBXFileReference section */
		02A11945268D39A700A2AC99 /* CobraDemo.app */ = {isa = PBXFileReference; explicitFileType = wrapper.application; includeInIndex = 0; path = CobraDemo.app; sourceTree = BUILT_PRODUCTS_DIR; };
		02A11948268D39A700A2AC99 /* CobraDemoApp.swift */ = {isa = PBXFileReference; lastKnownFileType = sourcecode.swift; path = CobraDemoApp.swift; sourceTree = "<group>"; };
		02A1194A268D39A700A2AC99 /* ContentView.swift */ = {isa = PBXFileReference; lastKnownFileType = sourcecode.swift; path = ContentView.swift; sourceTree = "<group>"; };
		02A1194C268D39AB00A2AC99 /* Assets.xcassets */ = {isa = PBXFileReference; lastKnownFileType = folder.assetcatalog; path = Assets.xcassets; sourceTree = "<group>"; };
		02A11951268D39AB00A2AC99 /* Info.plist */ = {isa = PBXFileReference; lastKnownFileType = text.plist.xml; path = Info.plist; sourceTree = "<group>"; };
		02A1195E268D3FD600A2AC99 /* ViewModel.swift */ = {isa = PBXFileReference; lastKnownFileType = sourcecode.swift; path = ViewModel.swift; sourceTree = "<group>"; };
		25220F02E797CC78BF7E6619 /* libPods-CobraDemoUITests.a */ = {isa = PBXFileReference; explicitFileType = archive.ar; includeInIndex = 0; path = "libPods-CobraDemoUITests.a"; sourceTree = BUILT_PRODUCTS_DIR; };
		544345CBBDA09211F4620F3E /* Pods-CobraDemo.release.xcconfig */ = {isa = PBXFileReference; includeInIndex = 1; lastKnownFileType = text.xcconfig; name = "Pods-CobraDemo.release.xcconfig"; path = "Target Support Files/Pods-CobraDemo/Pods-CobraDemo.release.xcconfig"; sourceTree = "<group>"; };
		72F8162D9843C0A1C546BE64 /* Pods-CobraDemoUITests.debug.xcconfig */ = {isa = PBXFileReference; includeInIndex = 1; lastKnownFileType = text.xcconfig; name = "Pods-CobraDemoUITests.debug.xcconfig"; path = "Target Support Files/Pods-CobraDemoUITests/Pods-CobraDemoUITests.debug.xcconfig"; sourceTree = "<group>"; };
		7C8FD0A21A7AA22B5EB1EB2D /* libPods-CobraDemo.a */ = {isa = PBXFileReference; explicitFileType = archive.ar; includeInIndex = 0; path = "libPods-CobraDemo.a"; sourceTree = BUILT_PRODUCTS_DIR; };
		8DC160B174C3E4AE3F56942D /* Pods-CobraDemo.debug.xcconfig */ = {isa = PBXFileReference; includeInIndex = 1; lastKnownFileType = text.xcconfig; name = "Pods-CobraDemo.debug.xcconfig"; path = "Target Support Files/Pods-CobraDemo/Pods-CobraDemo.debug.xcconfig"; sourceTree = "<group>"; };
		C7969FC526F53FBB0013DD41 /* CobraDemoUITests.xctest */ = {isa = PBXFileReference; explicitFileType = wrapper.cfbundle; includeInIndex = 0; path = CobraDemoUITests.xctest; sourceTree = BUILT_PRODUCTS_DIR; };
		C7969FC726F53FBB0013DD41 /* CobraDemoUITests.swift */ = {isa = PBXFileReference; lastKnownFileType = sourcecode.swift; path = CobraDemoUITests.swift; sourceTree = "<group>"; };
		C7969FC926F53FBB0013DD41 /* Info.plist */ = {isa = PBXFileReference; lastKnownFileType = text.plist.xml; path = Info.plist; sourceTree = "<group>"; };
		C7969FD026F5474F0013DD41 /* sample.wav */ = {isa = PBXFileReference; lastKnownFileType = audio.wav; path = sample.wav; sourceTree = "<group>"; };
		D2D9DCA10D9D1AB213098AEF /* Pods-CobraDemoUITests.release.xcconfig */ = {isa = PBXFileReference; includeInIndex = 1; lastKnownFileType = text.xcconfig; name = "Pods-CobraDemoUITests.release.xcconfig"; path = "Target Support Files/Pods-CobraDemoUITests/Pods-CobraDemoUITests.release.xcconfig"; sourceTree = "<group>"; };
/* End PBXFileReference section */

/* Begin PBXFrameworksBuildPhase section */
		02A11942268D39A700A2AC99 /* Frameworks */ = {
			isa = PBXFrameworksBuildPhase;
			buildActionMask = 2147483647;
			files = (
				4A00B7EF2D4C1FA9D1C474E1 /* libPods-CobraDemo.a in Frameworks */,
			);
			runOnlyForDeploymentPostprocessing = 0;
		};
		C7969FC226F53FBB0013DD41 /* Frameworks */ = {
			isa = PBXFrameworksBuildPhase;
			buildActionMask = 2147483647;
			files = (
				F0E5BF04E59C6ACAD7F213C9 /* libPods-CobraDemoUITests.a in Frameworks */,
			);
			runOnlyForDeploymentPostprocessing = 0;
		};
/* End PBXFrameworksBuildPhase section */

/* Begin PBXGroup section */
		02A1193C268D39A700A2AC99 = {
			isa = PBXGroup;
			children = (
				02A11947268D39A700A2AC99 /* CobraDemo */,
				C7969FC626F53FBB0013DD41 /* CobraDemoUITests */,
				02A11946268D39A700A2AC99 /* Products */,
				02A11957268D39D100A2AC99 /* Frameworks */,
				8DB92FF3DC81AB04D3FF7242 /* Pods */,
			);
			sourceTree = "<group>";
		};
		02A11946268D39A700A2AC99 /* Products */ = {
			isa = PBXGroup;
			children = (
				02A11945268D39A700A2AC99 /* CobraDemo.app */,
				C7969FC526F53FBB0013DD41 /* CobraDemoUITests.xctest */,
			);
			name = Products;
			sourceTree = "<group>";
		};
		02A11947268D39A700A2AC99 /* CobraDemo */ = {
			isa = PBXGroup;
			children = (
				02A11948268D39A700A2AC99 /* CobraDemoApp.swift */,
				02A1194A268D39A700A2AC99 /* ContentView.swift */,
				02A1194C268D39AB00A2AC99 /* Assets.xcassets */,
				02A11951268D39AB00A2AC99 /* Info.plist */,
				02A1195E268D3FD600A2AC99 /* ViewModel.swift */,
			);
			path = CobraDemo;
			sourceTree = "<group>";
		};
		02A11957268D39D100A2AC99 /* Frameworks */ = {
			isa = PBXGroup;
			children = (
				7C8FD0A21A7AA22B5EB1EB2D /* libPods-CobraDemo.a */,
				25220F02E797CC78BF7E6619 /* libPods-CobraDemoUITests.a */,
			);
			name = Frameworks;
			sourceTree = "<group>";
		};
		8DB92FF3DC81AB04D3FF7242 /* Pods */ = {
			isa = PBXGroup;
			children = (
				8DC160B174C3E4AE3F56942D /* Pods-CobraDemo.debug.xcconfig */,
				544345CBBDA09211F4620F3E /* Pods-CobraDemo.release.xcconfig */,
				72F8162D9843C0A1C546BE64 /* Pods-CobraDemoUITests.debug.xcconfig */,
				D2D9DCA10D9D1AB213098AEF /* Pods-CobraDemoUITests.release.xcconfig */,
			);
			path = Pods;
			sourceTree = "<group>";
		};
		C7969FC626F53FBB0013DD41 /* CobraDemoUITests */ = {
			isa = PBXGroup;
			children = (
				C7969FD026F5474F0013DD41 /* sample.wav */,
				C7969FC726F53FBB0013DD41 /* CobraDemoUITests.swift */,
				C7969FC926F53FBB0013DD41 /* Info.plist */,
			);
			path = CobraDemoUITests;
			sourceTree = "<group>";
		};
/* End PBXGroup section */

/* Begin PBXNativeTarget section */
		02A11944268D39A700A2AC99 /* CobraDemo */ = {
			isa = PBXNativeTarget;
			buildConfigurationList = 02A11954268D39AB00A2AC99 /* Build configuration list for PBXNativeTarget "CobraDemo" */;
			buildPhases = (
				9E7C8E83BA330F7017CD5C56 /* [CP] Check Pods Manifest.lock */,
				02A11941268D39A700A2AC99 /* Sources */,
				02A11942268D39A700A2AC99 /* Frameworks */,
				02A11943268D39A700A2AC99 /* Resources */,
				4539DEE1E8D88EEDC69BC828 /* [CP] Embed Pods Frameworks */,
			);
			buildRules = (
			);
			dependencies = (
			);
			name = CobraDemo;
			productName = CobraDemo;
			productReference = 02A11945268D39A700A2AC99 /* CobraDemo.app */;
			productType = "com.apple.product-type.application";
		};
		C7969FC426F53FBB0013DD41 /* CobraDemoUITests */ = {
			isa = PBXNativeTarget;
			buildConfigurationList = C7969FCE26F53FBB0013DD41 /* Build configuration list for PBXNativeTarget "CobraDemoUITests" */;
			buildPhases = (
				E1B0AC33F4AF0FC4909C5B08 /* [CP] Check Pods Manifest.lock */,
				C7969FC126F53FBB0013DD41 /* Sources */,
				C7969FC226F53FBB0013DD41 /* Frameworks */,
				C7969FC326F53FBB0013DD41 /* Resources */,
				C7969FD426F552430013DD41 /* CopyFiles */,
				2CFB0F821ABE4578ACB4E8C8 /* [CP] Embed Pods Frameworks */,
			);
			buildRules = (
			);
			dependencies = (
				C7969FCB26F53FBB0013DD41 /* PBXTargetDependency */,
			);
			name = CobraDemoUITests;
			productName = CobraDemoUITests;
			productReference = C7969FC526F53FBB0013DD41 /* CobraDemoUITests.xctest */;
			productType = "com.apple.product-type.bundle.ui-testing";
		};
/* End PBXNativeTarget section */

/* Begin PBXProject section */
		02A1193D268D39A700A2AC99 /* Project object */ = {
			isa = PBXProject;
			attributes = {
				LastSwiftUpdateCheck = 1250;
				LastUpgradeCheck = 1250;
				TargetAttributes = {
					02A11944268D39A700A2AC99 = {
						CreatedOnToolsVersion = 12.5;
					};
					C7969FC426F53FBB0013DD41 = {
						CreatedOnToolsVersion = 12.5.1;
						TestTargetID = 02A11944268D39A700A2AC99;
					};
				};
			};
			buildConfigurationList = 02A11940268D39A700A2AC99 /* Build configuration list for PBXProject "CobraDemo" */;
			compatibilityVersion = "Xcode 9.3";
			developmentRegion = en;
			hasScannedForEncodings = 0;
			knownRegions = (
				en,
				Base,
			);
			mainGroup = 02A1193C268D39A700A2AC99;
			productRefGroup = 02A11946268D39A700A2AC99 /* Products */;
			projectDirPath = "";
			projectRoot = "";
			targets = (
				02A11944268D39A700A2AC99 /* CobraDemo */,
				C7969FC426F53FBB0013DD41 /* CobraDemoUITests */,
			);
		};
/* End PBXProject section */

/* Begin PBXResourcesBuildPhase section */
		02A11943268D39A700A2AC99 /* Resources */ = {
			isa = PBXResourcesBuildPhase;
			buildActionMask = 2147483647;
			files = (
				02A1194D268D39AB00A2AC99 /* Assets.xcassets in Resources */,
			);
			runOnlyForDeploymentPostprocessing = 0;
		};
		C7969FC326F53FBB0013DD41 /* Resources */ = {
			isa = PBXResourcesBuildPhase;
			buildActionMask = 2147483647;
			files = (
				C7969FD126F5474F0013DD41 /* sample.wav in Resources */,
			);
			runOnlyForDeploymentPostprocessing = 0;
		};
/* End PBXResourcesBuildPhase section */

/* Begin PBXShellScriptBuildPhase section */
		2CFB0F821ABE4578ACB4E8C8 /* [CP] Embed Pods Frameworks */ = {
			isa = PBXShellScriptBuildPhase;
			buildActionMask = 2147483647;
			files = (
			);
			inputFileListPaths = (
				"${PODS_ROOT}/Target Support Files/Pods-CobraDemoUITests/Pods-CobraDemoUITests-frameworks-${CONFIGURATION}-input-files.xcfilelist",
			);
			name = "[CP] Embed Pods Frameworks";
			outputFileListPaths = (
				"${PODS_ROOT}/Target Support Files/Pods-CobraDemoUITests/Pods-CobraDemoUITests-frameworks-${CONFIGURATION}-output-files.xcfilelist",
			);
			runOnlyForDeploymentPostprocessing = 0;
			shellPath = /bin/sh;
			shellScript = "\"${PODS_ROOT}/Target Support Files/Pods-CobraDemoUITests/Pods-CobraDemoUITests-frameworks.sh\"\n";
			showEnvVarsInLog = 0;
		};
		4539DEE1E8D88EEDC69BC828 /* [CP] Embed Pods Frameworks */ = {
			isa = PBXShellScriptBuildPhase;
			buildActionMask = 2147483647;
			files = (
			);
			inputFileListPaths = (
				"${PODS_ROOT}/Target Support Files/Pods-CobraDemo/Pods-CobraDemo-frameworks-${CONFIGURATION}-input-files.xcfilelist",
			);
			name = "[CP] Embed Pods Frameworks";
			outputFileListPaths = (
				"${PODS_ROOT}/Target Support Files/Pods-CobraDemo/Pods-CobraDemo-frameworks-${CONFIGURATION}-output-files.xcfilelist",
			);
			runOnlyForDeploymentPostprocessing = 0;
			shellPath = /bin/sh;
			shellScript = "\"${PODS_ROOT}/Target Support Files/Pods-CobraDemo/Pods-CobraDemo-frameworks.sh\"\n";
			showEnvVarsInLog = 0;
		};
		9E7C8E83BA330F7017CD5C56 /* [CP] Check Pods Manifest.lock */ = {
			isa = PBXShellScriptBuildPhase;
			buildActionMask = 2147483647;
			files = (
			);
			inputFileListPaths = (
			);
			inputPaths = (
				"${PODS_PODFILE_DIR_PATH}/Podfile.lock",
				"${PODS_ROOT}/Manifest.lock",
			);
			name = "[CP] Check Pods Manifest.lock";
			outputFileListPaths = (
			);
			outputPaths = (
				"$(DERIVED_FILE_DIR)/Pods-CobraDemo-checkManifestLockResult.txt",
			);
			runOnlyForDeploymentPostprocessing = 0;
			shellPath = /bin/sh;
			shellScript = "diff \"${PODS_PODFILE_DIR_PATH}/Podfile.lock\" \"${PODS_ROOT}/Manifest.lock\" > /dev/null\nif [ $? != 0 ] ; then\n    # print error to STDERR\n    echo \"error: The sandbox is not in sync with the Podfile.lock. Run 'pod install' or update your CocoaPods installation.\" >&2\n    exit 1\nfi\n# This output is used by Xcode 'outputs' to avoid re-running this script phase.\necho \"SUCCESS\" > \"${SCRIPT_OUTPUT_FILE_0}\"\n";
			showEnvVarsInLog = 0;
		};
		E1B0AC33F4AF0FC4909C5B08 /* [CP] Check Pods Manifest.lock */ = {
			isa = PBXShellScriptBuildPhase;
			buildActionMask = 2147483647;
			files = (
			);
			inputFileListPaths = (
			);
			inputPaths = (
				"${PODS_PODFILE_DIR_PATH}/Podfile.lock",
				"${PODS_ROOT}/Manifest.lock",
			);
			name = "[CP] Check Pods Manifest.lock";
			outputFileListPaths = (
			);
			outputPaths = (
				"$(DERIVED_FILE_DIR)/Pods-CobraDemoUITests-checkManifestLockResult.txt",
			);
			runOnlyForDeploymentPostprocessing = 0;
			shellPath = /bin/sh;
			shellScript = "diff \"${PODS_PODFILE_DIR_PATH}/Podfile.lock\" \"${PODS_ROOT}/Manifest.lock\" > /dev/null\nif [ $? != 0 ] ; then\n    # print error to STDERR\n    echo \"error: The sandbox is not in sync with the Podfile.lock. Run 'pod install' or update your CocoaPods installation.\" >&2\n    exit 1\nfi\n# This output is used by Xcode 'outputs' to avoid re-running this script phase.\necho \"SUCCESS\" > \"${SCRIPT_OUTPUT_FILE_0}\"\n";
			showEnvVarsInLog = 0;
		};
/* End PBXShellScriptBuildPhase section */

/* Begin PBXSourcesBuildPhase section */
		02A11941268D39A700A2AC99 /* Sources */ = {
			isa = PBXSourcesBuildPhase;
			buildActionMask = 2147483647;
			files = (
				02A1194B268D39A700A2AC99 /* ContentView.swift in Sources */,
				02A1195F268D3FD600A2AC99 /* ViewModel.swift in Sources */,
				02A11949268D39A700A2AC99 /* CobraDemoApp.swift in Sources */,
			);
			runOnlyForDeploymentPostprocessing = 0;
		};
		C7969FC126F53FBB0013DD41 /* Sources */ = {
			isa = PBXSourcesBuildPhase;
			buildActionMask = 2147483647;
			files = (
				C7969FC826F53FBB0013DD41 /* CobraDemoUITests.swift in Sources */,
			);
			runOnlyForDeploymentPostprocessing = 0;
		};
/* End PBXSourcesBuildPhase section */

/* Begin PBXTargetDependency section */
		C7969FCB26F53FBB0013DD41 /* PBXTargetDependency */ = {
			isa = PBXTargetDependency;
			target = 02A11944268D39A700A2AC99 /* CobraDemo */;
			targetProxy = C7969FCA26F53FBB0013DD41 /* PBXContainerItemProxy */;
		};
/* End PBXTargetDependency section */

/* Begin XCBuildConfiguration section */
		02A11952268D39AB00A2AC99 /* Debug */ = {
			isa = XCBuildConfiguration;
			buildSettings = {
				ALWAYS_SEARCH_USER_PATHS = NO;
				CLANG_ANALYZER_NONNULL = YES;
				CLANG_ANALYZER_NUMBER_OBJECT_CONVERSION = YES_AGGRESSIVE;
				CLANG_CXX_LANGUAGE_STANDARD = "gnu++14";
				CLANG_CXX_LIBRARY = "libc++";
				CLANG_ENABLE_MODULES = YES;
				CLANG_ENABLE_OBJC_ARC = YES;
				CLANG_ENABLE_OBJC_WEAK = YES;
				CLANG_WARN_BLOCK_CAPTURE_AUTORELEASING = YES;
				CLANG_WARN_BOOL_CONVERSION = YES;
				CLANG_WARN_COMMA = YES;
				CLANG_WARN_CONSTANT_CONVERSION = YES;
				CLANG_WARN_DEPRECATED_OBJC_IMPLEMENTATIONS = YES;
				CLANG_WARN_DIRECT_OBJC_ISA_USAGE = YES_ERROR;
				CLANG_WARN_DOCUMENTATION_COMMENTS = YES;
				CLANG_WARN_EMPTY_BODY = YES;
				CLANG_WARN_ENUM_CONVERSION = YES;
				CLANG_WARN_INFINITE_RECURSION = YES;
				CLANG_WARN_INT_CONVERSION = YES;
				CLANG_WARN_NON_LITERAL_NULL_CONVERSION = YES;
				CLANG_WARN_OBJC_IMPLICIT_RETAIN_SELF = YES;
				CLANG_WARN_OBJC_LITERAL_CONVERSION = YES;
				CLANG_WARN_OBJC_ROOT_CLASS = YES_ERROR;
				CLANG_WARN_QUOTED_INCLUDE_IN_FRAMEWORK_HEADER = YES;
				CLANG_WARN_RANGE_LOOP_ANALYSIS = YES;
				CLANG_WARN_STRICT_PROTOTYPES = YES;
				CLANG_WARN_SUSPICIOUS_MOVE = YES;
				CLANG_WARN_UNGUARDED_AVAILABILITY = YES_AGGRESSIVE;
				CLANG_WARN_UNREACHABLE_CODE = YES;
				CLANG_WARN__DUPLICATE_METHOD_MATCH = YES;
				COPY_PHASE_STRIP = NO;
				DEBUG_INFORMATION_FORMAT = dwarf;
				ENABLE_STRICT_OBJC_MSGSEND = YES;
				ENABLE_TESTABILITY = YES;
				GCC_C_LANGUAGE_STANDARD = gnu11;
				GCC_DYNAMIC_NO_PIC = NO;
				GCC_NO_COMMON_BLOCKS = YES;
				GCC_OPTIMIZATION_LEVEL = 0;
				GCC_PREPROCESSOR_DEFINITIONS = (
					"DEBUG=1",
					"$(inherited)",
				);
				GCC_WARN_64_TO_32_BIT_CONVERSION = YES;
				GCC_WARN_ABOUT_RETURN_TYPE = YES_ERROR;
				GCC_WARN_UNDECLARED_SELECTOR = YES;
				GCC_WARN_UNINITIALIZED_AUTOS = YES_AGGRESSIVE;
				GCC_WARN_UNUSED_FUNCTION = YES;
				GCC_WARN_UNUSED_VARIABLE = YES;
				IPHONEOS_DEPLOYMENT_TARGET = 14.5;
				MTL_ENABLE_DEBUG_INFO = INCLUDE_SOURCE;
				MTL_FAST_MATH = YES;
				ONLY_ACTIVE_ARCH = YES;
				SDKROOT = iphoneos;
				SWIFT_ACTIVE_COMPILATION_CONDITIONS = DEBUG;
				SWIFT_OPTIMIZATION_LEVEL = "-Onone";
			};
			name = Debug;
		};
		02A11953268D39AB00A2AC99 /* Release */ = {
			isa = XCBuildConfiguration;
			buildSettings = {
				ALWAYS_SEARCH_USER_PATHS = NO;
				CLANG_ANALYZER_NONNULL = YES;
				CLANG_ANALYZER_NUMBER_OBJECT_CONVERSION = YES_AGGRESSIVE;
				CLANG_CXX_LANGUAGE_STANDARD = "gnu++14";
				CLANG_CXX_LIBRARY = "libc++";
				CLANG_ENABLE_MODULES = YES;
				CLANG_ENABLE_OBJC_ARC = YES;
				CLANG_ENABLE_OBJC_WEAK = YES;
				CLANG_WARN_BLOCK_CAPTURE_AUTORELEASING = YES;
				CLANG_WARN_BOOL_CONVERSION = YES;
				CLANG_WARN_COMMA = YES;
				CLANG_WARN_CONSTANT_CONVERSION = YES;
				CLANG_WARN_DEPRECATED_OBJC_IMPLEMENTATIONS = YES;
				CLANG_WARN_DIRECT_OBJC_ISA_USAGE = YES_ERROR;
				CLANG_WARN_DOCUMENTATION_COMMENTS = YES;
				CLANG_WARN_EMPTY_BODY = YES;
				CLANG_WARN_ENUM_CONVERSION = YES;
				CLANG_WARN_INFINITE_RECURSION = YES;
				CLANG_WARN_INT_CONVERSION = YES;
				CLANG_WARN_NON_LITERAL_NULL_CONVERSION = YES;
				CLANG_WARN_OBJC_IMPLICIT_RETAIN_SELF = YES;
				CLANG_WARN_OBJC_LITERAL_CONVERSION = YES;
				CLANG_WARN_OBJC_ROOT_CLASS = YES_ERROR;
				CLANG_WARN_QUOTED_INCLUDE_IN_FRAMEWORK_HEADER = YES;
				CLANG_WARN_RANGE_LOOP_ANALYSIS = YES;
				CLANG_WARN_STRICT_PROTOTYPES = YES;
				CLANG_WARN_SUSPICIOUS_MOVE = YES;
				CLANG_WARN_UNGUARDED_AVAILABILITY = YES_AGGRESSIVE;
				CLANG_WARN_UNREACHABLE_CODE = YES;
				CLANG_WARN__DUPLICATE_METHOD_MATCH = YES;
				COPY_PHASE_STRIP = NO;
				DEBUG_INFORMATION_FORMAT = "dwarf-with-dsym";
				ENABLE_NS_ASSERTIONS = NO;
				ENABLE_STRICT_OBJC_MSGSEND = YES;
				GCC_C_LANGUAGE_STANDARD = gnu11;
				GCC_NO_COMMON_BLOCKS = YES;
				GCC_WARN_64_TO_32_BIT_CONVERSION = YES;
				GCC_WARN_ABOUT_RETURN_TYPE = YES_ERROR;
				GCC_WARN_UNDECLARED_SELECTOR = YES;
				GCC_WARN_UNINITIALIZED_AUTOS = YES_AGGRESSIVE;
				GCC_WARN_UNUSED_FUNCTION = YES;
				GCC_WARN_UNUSED_VARIABLE = YES;
				IPHONEOS_DEPLOYMENT_TARGET = 14.5;
				MTL_ENABLE_DEBUG_INFO = NO;
				MTL_FAST_MATH = YES;
				SDKROOT = iphoneos;
				SWIFT_COMPILATION_MODE = wholemodule;
				SWIFT_OPTIMIZATION_LEVEL = "-O";
				VALIDATE_PRODUCT = YES;
			};
			name = Release;
		};
		02A11955268D39AB00A2AC99 /* Debug */ = {
			isa = XCBuildConfiguration;
			baseConfigurationReference = 8DC160B174C3E4AE3F56942D /* Pods-CobraDemo.debug.xcconfig */;
			buildSettings = {
				ASSETCATALOG_COMPILER_APPICON_NAME = AppIcon;
				ASSETCATALOG_COMPILER_GLOBAL_ACCENT_COLOR_NAME = AccentColor;
				CODE_SIGN_STYLE = Automatic;
				DEVELOPMENT_ASSET_PATHS = "";
				DEVELOPMENT_TEAM = "";
				ENABLE_PREVIEWS = YES;
				INFOPLIST_FILE = CobraDemo/Info.plist;
				IPHONEOS_DEPLOYMENT_TARGET = 14.0;
				LD_RUNPATH_SEARCH_PATHS = (
					"$(inherited)",
					"@executable_path/Frameworks",
				);
				PRODUCT_BUNDLE_IDENTIFIER = ai.picovoice.CobraDemo;
				PRODUCT_NAME = "$(TARGET_NAME)";
				SWIFT_VERSION = 5.0;
				TARGETED_DEVICE_FAMILY = "1,2";
			};
			name = Debug;
		};
		02A11956268D39AB00A2AC99 /* Release */ = {
			isa = XCBuildConfiguration;
			baseConfigurationReference = 544345CBBDA09211F4620F3E /* Pods-CobraDemo.release.xcconfig */;
			buildSettings = {
				ASSETCATALOG_COMPILER_APPICON_NAME = AppIcon;
				ASSETCATALOG_COMPILER_GLOBAL_ACCENT_COLOR_NAME = AccentColor;
				CODE_SIGN_STYLE = Automatic;
				DEVELOPMENT_ASSET_PATHS = "";
				DEVELOPMENT_TEAM = "";
				ENABLE_PREVIEWS = YES;
				INFOPLIST_FILE = CobraDemo/Info.plist;
				IPHONEOS_DEPLOYMENT_TARGET = 14.0;
				LD_RUNPATH_SEARCH_PATHS = (
					"$(inherited)",
					"@executable_path/Frameworks",
				);
				PRODUCT_BUNDLE_IDENTIFIER = ai.picovoice.CobraDemo;
				PRODUCT_NAME = "$(TARGET_NAME)";
				SWIFT_VERSION = 5.0;
				TARGETED_DEVICE_FAMILY = "1,2";
			};
			name = Release;
		};
		C7969FCC26F53FBB0013DD41 /* Debug */ = {
			isa = XCBuildConfiguration;
			baseConfigurationReference = 72F8162D9843C0A1C546BE64 /* Pods-CobraDemoUITests.debug.xcconfig */;
			buildSettings = {
				CODE_SIGN_STYLE = Automatic;
				DEVELOPMENT_TEAM = "";
				INFOPLIST_FILE = CobraDemoUITests/Info.plist;
				LD_RUNPATH_SEARCH_PATHS = (
					"$(inherited)",
					"@executable_path/Frameworks",
					"@loader_path/Frameworks",
				);
				PRODUCT_BUNDLE_IDENTIFIER = ai.picovoice.CobraDemoUITests;
				PRODUCT_NAME = "$(TARGET_NAME)";
				SWIFT_VERSION = 5.0;
				TARGETED_DEVICE_FAMILY = "1,2";
				TEST_TARGET_NAME = CobraDemo;
			};
			name = Debug;
		};
		C7969FCD26F53FBB0013DD41 /* Release */ = {
			isa = XCBuildConfiguration;
			baseConfigurationReference = D2D9DCA10D9D1AB213098AEF /* Pods-CobraDemoUITests.release.xcconfig */;
			buildSettings = {
				CODE_SIGN_STYLE = Automatic;
				DEVELOPMENT_TEAM = "";
				INFOPLIST_FILE = CobraDemoUITests/Info.plist;
				LD_RUNPATH_SEARCH_PATHS = (
					"$(inherited)",
					"@executable_path/Frameworks",
					"@loader_path/Frameworks",
				);
				PRODUCT_BUNDLE_IDENTIFIER = ai.picovoice.CobraDemoUITests;
				PRODUCT_NAME = "$(TARGET_NAME)";
				SWIFT_VERSION = 5.0;
				TARGETED_DEVICE_FAMILY = "1,2";
				TEST_TARGET_NAME = CobraDemo;
			};
			name = Release;
		};
/* End XCBuildConfiguration section */

/* Begin XCConfigurationList section */
		02A11940268D39A700A2AC99 /* Build configuration list for PBXProject "CobraDemo" */ = {
			isa = XCConfigurationList;
			buildConfigurations = (
				02A11952268D39AB00A2AC99 /* Debug */,
				02A11953268D39AB00A2AC99 /* Release */,
			);
			defaultConfigurationIsVisible = 0;
			defaultConfigurationName = Release;
		};
		02A11954268D39AB00A2AC99 /* Build configuration list for PBXNativeTarget "CobraDemo" */ = {
			isa = XCConfigurationList;
			buildConfigurations = (
				02A11955268D39AB00A2AC99 /* Debug */,
				02A11956268D39AB00A2AC99 /* Release */,
			);
			defaultConfigurationIsVisible = 0;
			defaultConfigurationName = Release;
		};
		C7969FCE26F53FBB0013DD41 /* Build configuration list for PBXNativeTarget "CobraDemoUITests" */ = {
			isa = XCConfigurationList;
			buildConfigurations = (
				C7969FCC26F53FBB0013DD41 /* Debug */,
				C7969FCD26F53FBB0013DD41 /* Release */,
			);
			defaultConfigurationIsVisible = 0;
			defaultConfigurationName = Release;
		};
/* End XCConfigurationList section */
	};
	rootObject = 02A1193D268D39A700A2AC99 /* Project object */;
}
