PODS:
  - Cobra-iOS (2.0.0)

DEPENDENCIES:
  - Cobra-iOS (from `https://raw.githubusercontent.com/Picovoice/cobra/v2.0-ios/binding/ios/Cobra-iOS.podspec`)

EXTERNAL SOURCES:
  Cobra-iOS:
    :podspec: https://raw.githubusercontent.com/Picovoice/cobra/v2.0-ios/binding/ios/Cobra-iOS.podspec

SPEC CHECKSUMS:
  Cobra-iOS: c8d7f9052b9b783b9976243e3092c9b9087f63fc

PODFILE CHECKSUM: f2a9737621b3736541f8a3899eeff564bc95141a

COCOAPODS: 1.11.3
